
Microsoft Visual Studio Solution File, Format Version 12.00
# Visual Studio Version 17
VisualStudioVersion = 17.6.33801.468
MinimumVisualStudioVersion = 10.0.40219.1
Project("{FAE04EC0-301F-11D3-BF4B-00C04F79EFBC}") = "ReptileAPI", "ReptileAPI.csproj", "{A465D817-556B-4CDD-BA6F-B95102350300}"
EndProject
Global
	GlobalSection(SolutionConfigurationPlatforms) = preSolution
		Debug|Any CPU = Debug|Any CPU
		Release|Any CPU = Release|Any CPU
	EndGlobalSection
	GlobalSection(ProjectConfigurationPlatforms) = postSolution
		{A465D817-556B-4CDD-BA6F-B95102350300}.Debug|Any CPU.ActiveCfg = Debug|Any CPU
		{A465D817-556B-4CDD-BA6F-B95102350300}.Debug|Any CPU.Build.0 = Debug|Any CPU
		{A465D817-556B-4CDD-BA6F-B95102350300}.Release|Any CPU.ActiveCfg = Release|Any CPU
		{A465D817-556B-4CDD-BA6F-B95102350300}.Release|Any CPU.Build.0 = Release|Any CPU
	EndGlobalSection
	GlobalSection(SolutionProperties) = preSolution
		HideSolutionNode = FALSE
	EndGlobalSection
	GlobalSection(ExtensibilityGlobals) = postSolution
		SolutionGuid = {93FA4D06-DC92-4CA4-B489-827059B1F671}
	EndGlobalSection
EndGlobal
